// !$*UTF8*$!
{
	archiveVersion = 1;
	classes = {
	};
	objectVersion = 46;
	objects = {

/* Begin PBXBuildFile section */
		47012B9C1BA2D5BE002457B7 /* AppDelegate.swift in Sources */ = {isa = PBXBuildFile; fileRef = 47012B9B1BA2D5BE002457B7 /* AppDelegate.swift */; };
		47012B9E1BA2D5BE002457B7 /* ViewController.swift in Sources */ = {isa = PBXBuildFile; fileRef = 47012B9D1BA2D5BE002457B7 /* ViewController.swift */; };
		47012BA11BA2D5BE002457B7 /* Main.storyboard in Resources */ = {isa = PBXBuildFile; fileRef = 47012B9F1BA2D5BE002457B7 /* Main.storyboard */; };
		47012BA31BA2D5BE002457B7 /* Images.xcassets in Resources */ = {isa = PBXBuildFile; fileRef = 47012BA21BA2D5BE002457B7 /* Images.xcassets */; };
		47012BA61BA2D5BE002457B7 /* LaunchScreen.xib in Resources */ = {isa = PBXBuildFile; fileRef = 47012BA41BA2D5BE002457B7 /* LaunchScreen.xib */; };
		47012BB21BA2D5BE002457B7 /* tableViewTests.swift in Sources */ = {isa = PBXBuildFile; fileRef = 47012BB11BA2D5BE002457B7 /* tableViewTests.swift */; };
		47012BBC1BA2DD36002457B7 /* Flash light.png in Resources */ = {isa = PBXBuildFile; fileRef = 47012BBB1BA2DD36002457B7 /* Flash light.png */; };
		47012BC11BA2EF8F002457B7 /* If you.png in Resources */ = {isa = PBXBuildFile; fileRef = 47012BBD1BA2EF8F002457B7 /* If you.png */; };
		47012BC21BA2EF8F002457B7 /* See You Again.png in Resources */ = {isa = PBXBuildFile; fileRef = 47012BBE1BA2EF8F002457B7 /* See You Again.png */; };
		47012BC31BA2EF8F002457B7 /* party.png in Resources */ = {isa = PBXBuildFile; fileRef = 47012BBF1BA2EF8F002457B7 /* party.png */; };
		47012BC41BA2EF8F002457B7 /* Sixty Five.png in Resources */ = {isa = PBXBuildFile; fileRef = 47012BC01BA2EF8F002457B7 /* Sixty Five.png */; };
		47991E511BA5973A00D5A4D6 /* ContentModel.swift in Sources */ = {isa = PBXBuildFile; fileRef = 47991E501BA5973A00D5A4D6 /* ContentModel.swift */; };
		47991E531BA5974D00D5A4D6 /* ContentManager.swift in Sources */ = {isa = PBXBuildFile; fileRef = 47991E521BA5974D00D5A4D6 /* ContentManager.swift */; };
/* End PBXBuildFile section */

/* Begin PBXContainerItemProxy section */
		47012BAC1BA2D5BE002457B7 /* PBXContainerItemProxy */ = {
			isa = PBXContainerItemProxy;
			containerPortal = 47012B8E1BA2D5BE002457B7 /* Project object */;
			proxyType = 1;
			remoteGlobalIDString = 47012B951BA2D5BE002457B7;
			remoteInfo = tableView;
		};
/* End PBXContainerItemProxy section */

/* Begin PBXFileReference section */
		47012B961BA2D5BE002457B7 /* tableView.app */ = {isa = PBXFileReference; explicitFileType = wrapper.application; includeInIndex = 0; path = tableView.app; sourceTree = BUILT_PRODUCTS_DIR; };
		47012B9A1BA2D5BE002457B7 /* Info.plist */ = {isa = PBXFileReference; lastKnownFileType = text.plist.xml; path = Info.plist; sourceTree = "<group>"; };
		47012B9B1BA2D5BE002457B7 /* AppDelegate.swift */ = {isa = PBXFileReference; lastKnownFileType = sourcecode.swift; path = AppDelegate.swift; sourceTree = "<group>"; };
		47012B9D1BA2D5BE002457B7 /* ViewController.swift */ = {isa = PBXFileReference; lastKnownFileType = sourcecode.swift; path = ViewController.swift; sourceTree = "<group>"; };
		47012BA01BA2D5BE002457B7 /* Base */ = {isa = PBXFileReference; lastKnownFileType = file.storyboard; name = Base; path = Base.lproj/Main.storyboard; sourceTree = "<group>"; };
		47012BA21BA2D5BE002457B7 /* Images.xcassets */ = {isa = PBXFileReference; lastKnownFileType = folder.assetcatalog; path = Images.xcassets; sourceTree = "<group>"; };
		47012BA51BA2D5BE002457B7 /* Base */ = {isa = PBXFileReference; lastKnownFileType = file.xib; name = Base; path = Base.lproj/LaunchScreen.xib; sourceTree = "<group>"; };
		47012BAB1BA2D5BE002457B7 /* tableViewTests.xctest */ = {isa = PBXFileReference; explicitFileType = wrapper.cfbundle; includeInIndex = 0; path = tableViewTests.xctest; sourceTree = BUILT_PRODUCTS_DIR; };
		47012BB01BA2D5BE002457B7 /* Info.plist */ = {isa = PBXFileReference; lastKnownFileType = text.plist.xml; path = Info.plist; sourceTree = "<group>"; };
		47012BB11BA2D5BE002457B7 /* tableViewTests.swift */ = {isa = PBXFileReference; lastKnownFileType = sourcecode.swift; path = tableViewTests.swift; sourceTree = "<group>"; };
		47012BBB1BA2DD36002457B7 /* Flash light.png */ = {isa = PBXFileReference; lastKnownFileType = image.png; path = "Flash light.png"; sourceTree = "<group>"; };
		47012BBD1BA2EF8F002457B7 /* If you.png */ = {isa = PBXFileReference; lastKnownFileType = image.png; path = "If you.png"; sourceTree = "<group>"; };
		47012BBE1BA2EF8F002457B7 /* See You Again.png */ = {isa = PBXFileReference; lastKnownFileType = image.png; path = "See You Again.png"; sourceTree = "<group>"; };
		47012BBF1BA2EF8F002457B7 /* party.png */ = {isa = PBXFileReference; lastKnownFileType = image.png; path = party.png; sourceTree = "<group>"; };
		47012BC01BA2EF8F002457B7 /* Sixty Five.png */ = {isa = PBXFileReference; lastKnownFileType = image.png; path = "Sixty Five.png"; sourceTree = "<group>"; };
		47991E501BA5973A00D5A4D6 /* ContentModel.swift */ = {isa = PBXFileReference; fileEncoding = 4; lastKnownFileType = sourcecode.swift; path = ContentModel.swift; sourceTree = "<group>"; };
		47991E521BA5974D00D5A4D6 /* ContentManager.swift */ = {isa = PBXFileReference; fileEncoding = 4; lastKnownFileType = sourcecode.swift; path = ContentManager.swift; sourceTree = "<group>"; };
/* End PBXFileReference section */

/* Begin PBXFrameworksBuildPhase section */
		47012B931BA2D5BE002457B7 /* Frameworks */ = {
			isa = PBXFrameworksBuildPhase;
			buildActionMask = 2147483647;
			files = (
			);
			runOnlyForDeploymentPostprocessing = 0;
		};
		47012BA81BA2D5BE002457B7 /* Frameworks */ = {
			isa = PBXFrameworksBuildPhase;
			buildActionMask = 2147483647;
			files = (
			);
			runOnlyForDeploymentPostprocessing = 0;
		};
/* End PBXFrameworksBuildPhase section */

/* Begin PBXGroup section */
		47012B8D1BA2D5BE002457B7 = {
			isa = PBXGroup;
			children = (
				47012B981BA2D5BE002457B7 /* tableView */,
				47012BAE1BA2D5BE002457B7 /* tableViewTests */,
				47012B971BA2D5BE002457B7 /* Products */,
			);
			sourceTree = "<group>";
		};
		47012B971BA2D5BE002457B7 /* Products */ = {
			isa = PBXGroup;
			children = (
				47012B961BA2D5BE002457B7 /* tableView.app */,
				47012BAB1BA2D5BE002457B7 /* tableViewTests.xctest */,
			);
			name = Products;
			sourceTree = "<group>";
		};
		47012B981BA2D5BE002457B7 /* tableView */ = {
			isa = PBXGroup;
			children = (
				47012B9B1BA2D5BE002457B7 /* AppDelegate.swift */,
				47012B9D1BA2D5BE002457B7 /* ViewController.swift */,
				47991E521BA5974D00D5A4D6 /* ContentManager.swift */,
				47991E501BA5973A00D5A4D6 /* ContentModel.swift */,
				47012B9F1BA2D5BE002457B7 /* Main.storyboard */,
				47012BA21BA2D5BE002457B7 /* Images.xcassets */,
				47012BA41BA2D5BE002457B7 /* LaunchScreen.xib */,
				47012BBD1BA2EF8F002457B7 /* If you.png */,
				47012BBE1BA2EF8F002457B7 /* See You Again.png */,
				47012BBF1BA2EF8F002457B7 /* party.png */,
				47012BC01BA2EF8F002457B7 /* Sixty Five.png */,
				47012BBB1BA2DD36002457B7 /* Flash light.png */,
				47012B991BA2D5BE002457B7 /* Supporting Files */,
			);
			path = tableView;
			sourceTree = "<group>";
		};
		47012B991BA2D5BE002457B7 /* Supporting Files */ = {
			isa = PBXGroup;
			children = (
				47012B9A1BA2D5BE002457B7 /* Info.plist */,
			);
			name = "Supporting Files";
			sourceTree = "<group>";
		};
		47012BAE1BA2D5BE002457B7 /* tableViewTests */ = {
			isa = PBXGroup;
			children = (
				47012BB11BA2D5BE002457B7 /* tableViewTests.swift */,
				47012BAF1BA2D5BE002457B7 /* Supporting Files */,
			);
			path = tableViewTests;
			sourceTree = "<group>";
		};
		47012BAF1BA2D5BE002457B7 /* Supporting Files */ = {
			isa = PBXGroup;
			children = (
				47012BB01BA2D5BE002457B7 /* Info.plist */,
			);
			name = "Supporting Files";
			sourceTree = "<group>";
		};
/* End PBXGroup section */

/* Begin PBXNativeTarget section */
		47012B951BA2D5BE002457B7 /* tableView */ = {
			isa = PBXNativeTarget;
			buildConfigurationList = 47012BB51BA2D5BE002457B7 /* Build configuration list for PBXNativeTarget "tableView" */;
			buildPhases = (
				47012B921BA2D5BE002457B7 /* Sources */,
				47012B931BA2D5BE002457B7 /* Frameworks */,
				47012B941BA2D5BE002457B7 /* Resources */,
			);
			buildRules = (
			);
			dependencies = (
			);
			name = tableView;
			productName = tableView;
			productReference = 47012B961BA2D5BE002457B7 /* tableView.app */;
			productType = "com.apple.product-type.application";
		};
		47012BAA1BA2D5BE002457B7 /* tableViewTests */ = {
			isa = PBXNativeTarget;
			buildConfigurationList = 47012BB81BA2D5BE002457B7 /* Build configuration list for PBXNativeTarget "tableViewTests" */;
			buildPhases = (
				47012BA71BA2D5BE002457B7 /* Sources */,
				47012BA81BA2D5BE002457B7 /* Frameworks */,
				47012BA91BA2D5BE002457B7 /* Resources */,
			);
			buildRules = (
			);
			dependencies = (
				47012BAD1BA2D5BE002457B7 /* PBXTargetDependency */,
			);
			name = tableViewTests;
			productName = tableViewTests;
			productReference = 47012BAB1BA2D5BE002457B7 /* tableViewTests.xctest */;
			productType = "com.apple.product-type.bundle.unit-test";
		};
/* End PBXNativeTarget section */

/* Begin PBXProject section */
		47012B8E1BA2D5BE002457B7 /* Project object */ = {
			isa = PBXProject;
			attributes = {
				LastUpgradeCheck = 0630;
				ORGANIZATIONNAME = Rajneesh;
				TargetAttributes = {
					47012B951BA2D5BE002457B7 = {
						CreatedOnToolsVersion = 6.3;
					};
					47012BAA1BA2D5BE002457B7 = {
						CreatedOnToolsVersion = 6.3;
						TestTargetID = 47012B951BA2D5BE002457B7;
					};
				};
			};
			buildConfigurationList = 47012B911BA2D5BE002457B7 /* Build configuration list for PBXProject "tableView" */;
			compatibilityVersion = "Xcode 3.2";
			developmentRegion = English;
			hasScannedForEncodings = 0;
			knownRegions = (
				en,
				Base,
			);
			mainGroup = 47012B8D1BA2D5BE002457B7;
			productRefGroup = 47012B971BA2D5BE002457B7 /* Products */;
			projectDirPath = "";
			projectRoot = "";
			targets = (
				47012B951BA2D5BE002457B7 /* tableView */,
				47012BAA1BA2D5BE002457B7 /* tableViewTests */,
			);
		};
/* End PBXProject section */

/* Begin PBXResourcesBuildPhase section */
		47012B941BA2D5BE002457B7 /* Resources */ = {
			isa = PBXResourcesBuildPhase;
			buildActionMask = 2147483647;
			files = (
				47012BC31BA2EF8F002457B7 /* party.png in Resources */,
				47012BC41BA2EF8F002457B7 /* Sixty Five.png in Resources */,
				47012BA11BA2D5BE002457B7 /* Main.storyboard in Resources */,
				47012BA61BA2D5BE002457B7 /* LaunchScreen.xib in Resources */,
				47012BA31BA2D5BE002457B7 /* Images.xcassets in Resources */,
				47012BC11BA2EF8F002457B7 /* If you.png in Resources */,
				47012BC21BA2EF8F002457B7 /* See You Again.png in Resources */,
				47012BBC1BA2DD36002457B7 /* Flash light.png in Resources */,
			);
			runOnlyForDeploymentPostprocessing = 0;
		};
		47012BA91BA2D5BE002457B7 /* Resources */ = {
			isa = PBXResourcesBuildPhase;
			buildActionMask = 2147483647;
			files = (
			);
			runOnlyForDeploymentPostprocessing = 0;
		};
/* End PBXResourcesBuildPhase section */

/* Begin PBXSourcesBuildPhase section */
		47012B921BA2D5BE002457B7 /* Sources */ = {
			isa = PBXSourcesBuildPhase;
			buildActionMask = 2147483647;
			files = (
				47012B9E1BA2D5BE002457B7 /* ViewController.swift in Sources */,
				47991E531BA5974D00D5A4D6 /* ContentManager.swift in Sources */,
				47012B9C1BA2D5BE002457B7 /* AppDelegate.swift in Sources */,
				47991E511BA5973A00D5A4D6 /* ContentModel.swift in Sources */,
			);
			runOnlyForDeploymentPostprocessing = 0;
		};
		47012BA71BA2D5BE002457B7 /* Sources */ = {
			isa = PBXSourcesBuildPhase;
			buildActionMask = 2147483647;
			files = (
				47012BB21BA2D5BE002457B7 /* tableViewTests.swift in Sources */,
			);
			runOnlyForDeploymentPostprocessing = 0;
		};
/* End PBXSourcesBuildPhase section */

/* Begin PBXTargetDependency section */
		47012BAD1BA2D5BE002457B7 /* PBXTargetDependency */ = {
			isa = PBXTargetDependency;
			target = 47012B951BA2D5BE002457B7 /* tableView */;
			targetProxy = 47012BAC1BA2D5BE002457B7 /* PBXContainerItemProxy */;
		};
/* End PBXTargetDependency section */

/* Begin PBXVariantGroup section */
		47012B9F1BA2D5BE002457B7 /* Main.storyboard */ = {
			isa = PBXVariantGroup;
			children = (
				47012BA01BA2D5BE002457B7 /* Base */,
			);
			name = Main.storyboard;
			sourceTree = "<group>";
		};
		47012BA41BA2D5BE002457B7 /* LaunchScreen.xib */ = {
			isa = PBXVariantGroup;
			children = (
				47012BA51BA2D5BE002457B7 /* Base */,
			);
			name = LaunchScreen.xib;
			sourceTree = "<group>";
		};
/* End PBXVariantGroup section */

/* Begin XCBuildConfiguration section */
		47012BB31BA2D5BE002457B7 /* Debug */ = {
			isa = XCBuildConfiguration;
			buildSettings = {
				ALWAYS_SEARCH_USER_PATHS = NO;
				CLANG_CXX_LANGUAGE_STANDARD = "gnu++0x";
				CLANG_CXX_LIBRARY = "libc++";
				CLANG_ENABLE_MODULES = YES;
				CLANG_ENABLE_OBJC_ARC = YES;
				CLANG_WARN_BOOL_CONVERSION = YES;
				CLANG_WARN_CONSTANT_CONVERSION = YES;
				CLANG_WARN_DIRECT_OBJC_ISA_USAGE = YES_ERROR;
				CLANG_WARN_EMPTY_BODY = YES;
				CLANG_WARN_ENUM_CONVERSION = YES;
				CLANG_WARN_INT_CONVERSION = YES;
				CLANG_WARN_OBJC_ROOT_CLASS = YES_ERROR;
				CLANG_WARN_UNREACHABLE_CODE = YES;
				CLANG_WARN__DUPLICATE_METHOD_MATCH = YES;
				"CODE_SIGN_IDENTITY[sdk=iphoneos*]" = "iPhone Developer";
				COPY_PHASE_STRIP = NO;
				DEBUG_INFORMATION_FORMAT = "dwarf-with-dsym";
				ENABLE_STRICT_OBJC_MSGSEND = YES;
				GCC_C_LANGUAGE_STANDARD = gnu99;
				GCC_DYNAMIC_NO_PIC = NO;
				GCC_NO_COMMON_BLOCKS = YES;
				GCC_OPTIMIZATION_LEVEL = 0;
				GCC_PREPROCESSOR_DEFINITIONS = (
					"DEBUG=1",
					"$(inherited)",
				);
				GCC_SYMBOLS_PRIVATE_EXTERN = NO;
				GCC_WARN_64_TO_32_BIT_CONVERSION = YES;
				GCC_WARN_ABOUT_RETURN_TYPE = YES_ERROR;
				GCC_WARN_UNDECLARED_SELECTOR = YES;
				GCC_WARN_UNINITIALIZED_AUTOS = YES_AGGRESSIVE;
				GCC_WARN_UNUSED_FUNCTION = YES;
				GCC_WARN_UNUSED_VARIABLE = YES;
				IPHONEOS_DEPLOYMENT_TARGET = 8.3;
				MTL_ENABLE_DEBUG_INFO = YES;
				ONLY_ACTIVE_ARCH = YES;
				SDKROOT = iphoneos;
				SWIFT_OPTIMIZATION_LEVEL = "-Onone";
			};
			name = Debug;
		};
		47012BB41BA2D5BE002457B7 /* Release */ = {
			isa = XCBuildConfiguration;
			buildSettings = {
				ALWAYS_SEARCH_USER_PATHS = NO;
				CLANG_CXX_LANGUAGE_STANDARD = "gnu++0x";
				CLANG_CXX_LIBRARY = "libc++";
				CLANG_ENABLE_MODULES = YES;
				CLANG_ENABLE_OBJC_ARC = YES;
				CLANG_WARN_BOOL_CONVERSION = YES;
				CLANG_WARN_CONSTANT_CONVERSION = YES;
				CLANG_WARN_DIRECT_OBJC_ISA_USAGE = YES_ERROR;
				CLANG_WARN_EMPTY_BODY = YES;
				CLANG_WARN_ENUM_CONVERSION = YES;
				CLANG_WARN_INT_CONVERSION = YES;
				CLANG_WARN_OBJC_ROOT_CLASS = YES_ERROR;
				CLANG_WARN_UNREACHABLE_CODE = YES;
				CLANG_WARN__DUPLICATE_METHOD_MATCH = YES;
				"CODE_SIGN_IDENTITY[sdk=iphoneos*]" = "iPhone Developer";
				COPY_PHASE_STRIP = NO;
				DEBUG_INFORMATION_FORMAT = "dwarf-with-dsym";
				ENABLE_NS_ASSERTIONS = NO;
				ENABLE_STRICT_OBJC_MSGSEND = YES;
				GCC_C_LANGUAGE_STANDARD = gnu99;
				GCC_NO_COMMON_BLOCKS = YES;
				GCC_WARN_64_TO_32_BIT_CONVERSION = YES;
				GCC_WARN_ABOUT_RETURN_TYPE = YES_ERROR;
				GCC_WARN_UNDECLARED_SELECTOR = YES;
				GCC_WARN_UNINITIALIZED_AUTOS = YES_AGGRESSIVE;
				GCC_WARN_UNUSED_FUNCTION = YES;
				GCC_WARN_UNUSED_VARIABLE = YES;
				IPHONEOS_DEPLOYMENT_TARGET = 8.3;
				MTL_ENABLE_DEBUG_INFO = NO;
				SDKROOT = iphoneos;
				VALIDATE_PRODUCT = YES;
			};
			name = Release;
		};
		47012BB61BA2D5BE002457B7 /* Debug */ = {
			isa = XCBuildConfiguration;
			buildSettings = {
				ASSETCATALOG_COMPILER_APPICON_NAME = AppIcon;
				INFOPLIST_FILE = tableView/Info.plist;
				LD_RUNPATH_SEARCH_PATHS = "$(inherited) @executable_path/Frameworks";
				PRODUCT_NAME = "$(TARGET_NAME)";
			};
			name = Debug;
		};
		47012BB71BA2D5BE002457B7 /* Release */ = {
			isa = XCBuildConfiguration;
			buildSettings = {
				ASSETCATALOG_COMPILER_APPICON_NAME = AppIcon;
				INFOPLIST_FILE = tableView/Info.plist;
				LD_RUNPATH_SEARCH_PATHS = "$(inherited) @executable_path/Frameworks";
				PRODUCT_NAME = "$(TARGET_NAME)";
			};
			name = Release;
		};
		47012BB91BA2D5BE002457B7 /* Debug */ = {
			isa = XCBuildConfiguration;
			buildSettings = {
				BUNDLE_LOADER = "$(TEST_HOST)";
				FRAMEWORK_SEARCH_PATHS = (
					"$(SDKROOT)/Developer/Library/Frameworks",
					"$(inherited)",
				);
				GCC_PREPROCESSOR_DEFINITIONS = (
					"DEBUG=1",
					"$(inherited)",
				);
				INFOPLIST_FILE = tableViewTests/Info.plist;
				LD_RUNPATH_SEARCH_PATHS = "$(inherited) @executable_path/Frameworks @loader_path/Frameworks";
				PRODUCT_NAME = "$(TARGET_NAME)";
				TEST_HOST = "$(BUILT_PRODUCTS_DIR)/tableView.app/tableView";
			};
			name = Debug;
		};
		47012BBA1BA2D5BE002457B7 /* Release */ = {
			isa = XCBuildConfiguration;
			buildSettings = {
				BUNDLE_LOADER = "$(TEST_HOST)";
				FRAMEWORK_SEARCH_PATHS = (
					"$(SDKROOT)/Developer/Library/Frameworks",
					"$(inherited)",
				);
				INFOPLIST_FILE = tableViewTests/Info.plist;
				LD_RUNPATH_SEARCH_PATHS = "$(inherited) @executable_path/Frameworks @loader_path/Frameworks";
				PRODUCT_NAME = "$(TARGET_NAME)";
				TEST_HOST = "$(BUILT_PRODUCTS_DIR)/tableView.app/tableView";
			};
			name = Release;
		};
/* End XCBuildConfiguration section */

/* Begin XCConfigurationList section */
		47012B911BA2D5BE002457B7 /* Build configuration list for PBXProject "tableView" */ = {
			isa = XCConfigurationList;
			buildConfigurations = (
				47012BB31BA2D5BE002457B7 /* Debug */,
				47012BB41BA2D5BE002457B7 /* Release */,
			);
			defaultConfigurationIsVisible = 0;
			defaultConfigurationName = Release;
		};
		47012BB51BA2D5BE002457B7 /* Build configuration list for PBXNativeTarget "tableView" */ = {
			isa = XCConfigurationList;
			buildConfigurations = (
				47012BB61BA2D5BE002457B7 /* Debug */,
				47012BB71BA2D5BE002457B7 /* Release */,
			);
			defaultConfigurationIsVisible = 0;
			defaultConfigurationName = Release;
		};
		47012BB81BA2D5BE002457B7 /* Build configuration list for PBXNativeTarget "tableViewTests" */ = {
			isa = XCConfigurationList;
			buildConfigurations = (
				47012BB91BA2D5BE002457B7 /* Debug */,
				47012BBA1BA2D5BE002457B7 /* Release */,
			);
			defaultConfigurationIsVisible = 0;
			defaultConfigurationName = Release;
		};
/* End XCConfigurationList section */
	};
	rootObject = 47012B8E1BA2D5BE002457B7 /* Project object */;
}
